
Microsoft Visual Studio Solution File, Format Version 12.00
# Visual Studio Version 16
VisualStudioVersion = 16.0.30413.136
MinimumVisualStudioVersion = 10.0.40219.1
Project("{FAE04EC0-301F-11D3-BF4B-00C04F79EFBC}") = "KaraokeManage", "KaraokeManage\KaraokeManage.csproj", "{E4CC9A2F-5636-472D-8C54-771648AB748D}"
EndProject
Global
	GlobalSection(SolutionConfigurationPlatforms) = preSolution
		Debug|Any CPU = Debug|Any CPU
		Release|Any CPU = Release|Any CPU
	EndGlobalSection
	GlobalSection(ProjectConfigurationPlatforms) = postSolution
		{E4CC9A2F-5636-472D-8C54-771648AB748D}.Debug|Any CPU.ActiveCfg = Debug|Any CPU
		{E4CC9A2F-5636-472D-8C54-771648AB748D}.Debug|Any CPU.Build.0 = Debug|Any CPU
		{E4CC9A2F-5636-472D-8C54-771648AB748D}.Release|Any CPU.ActiveCfg = Release|Any CPU
		{E4CC9A2F-5636-472D-8C54-771648AB748D}.Release|Any CPU.Build.0 = Release|Any CPU
	EndGlobalSection
	GlobalSection(SolutionProperties) = preSolution
		HideSolutionNode = FALSE
	EndGlobalSection
	GlobalSection(ExtensibilityGlobals) = postSolution
		SolutionGuid = {23AB3DC0-9174-4F8D-9B2D-D87C60ED3C5A}
	EndGlobalSection
EndGlobal
